
Microsoft Visual Studio Solution File, Format Version 12.00
# Visual Studio Version 16
VisualStudioVersion = 16.0.30114.105
MinimumVisualStudioVersion = 10.0.40219.1
Project("{2150E333-8FDC-42A3-9474-1A3956D46DE8}") = "src", "src", "{4230D67A-A522-428E-8FC7-35CEF19883C3}"
EndProject
Project("{FAE04EC0-301F-11D3-BF4B-00C04F79EFBC}") = "Telegram.Bot.Extensions.DatePickers", "src\Telegram.Bot.Extensions.DatePickers\Telegram.Bot.Extensions.DatePickers.csproj", "{809B6AEF-EAEA-46CF-B310-019BB3CE7F67}"
EndProject
Project("{2150E333-8FDC-42A3-9474-1A3956D46DE8}") = "test", "test", "{B1FB0939-FD05-4D77-A44B-FA0B885813EC}"
EndProject
Project("{FAE04EC0-301F-11D3-BF4B-00C04F79EFBC}") = "Telegram.Bot.Extensions.DatePickers.Tests", "test\Telegram.Bot.Extensions.DatePickers.Tests\Telegram.Bot.Extensions.DatePickers.Tests.csproj", "{93F36A03-C651-4C23-A662-32D3C4CC33DE}"
EndProject
Global
	GlobalSection(SolutionConfigurationPlatforms) = preSolution
		Debug|Any CPU = Debug|Any CPU
		Release|Any CPU = Release|Any CPU
	EndGlobalSection
	GlobalSection(SolutionProperties) = preSolution
		HideSolutionNode = FALSE
	EndGlobalSection
	GlobalSection(ProjectConfigurationPlatforms) = postSolution
		{809B6AEF-EAEA-46CF-B310-019BB3CE7F67}.Debug|Any CPU.ActiveCfg = Debug|Any CPU
		{809B6AEF-EAEA-46CF-B310-019BB3CE7F67}.Debug|Any CPU.Build.0 = Debug|Any CPU
		{809B6AEF-EAEA-46CF-B310-019BB3CE7F67}.Release|Any CPU.ActiveCfg = Release|Any CPU
		{809B6AEF-EAEA-46CF-B310-019BB3CE7F67}.Release|Any CPU.Build.0 = Release|Any CPU
		{93F36A03-C651-4C23-A662-32D3C4CC33DE}.Debug|Any CPU.ActiveCfg = Debug|Any CPU
		{93F36A03-C651-4C23-A662-32D3C4CC33DE}.Debug|Any CPU.Build.0 = Debug|Any CPU
		{93F36A03-C651-4C23-A662-32D3C4CC33DE}.Release|Any CPU.ActiveCfg = Release|Any CPU
		{93F36A03-C651-4C23-A662-32D3C4CC33DE}.Release|Any CPU.Build.0 = Release|Any CPU
	EndGlobalSection
	GlobalSection(NestedProjects) = preSolution
		{809B6AEF-EAEA-46CF-B310-019BB3CE7F67} = {4230D67A-A522-428E-8FC7-35CEF19883C3}
		{93F36A03-C651-4C23-A662-32D3C4CC33DE} = {B1FB0939-FD05-4D77-A44B-FA0B885813EC}
	EndGlobalSection
EndGlobal
